
Microsoft Visual Studio Solution File, Format Version 12.00
# Visual Studio Version 16
VisualStudioVersion = 16.0.30907.101
MinimumVisualStudioVersion = 10.0.40219.1
Project("{FAE04EC0-301F-11D3-BF4B-00C04F79EFBC}") = "Projekt1", "Projekt1\Projekt1.csproj", "{82E05E44-B1DB-4298-A27C-C1733AB7ED8A}"
EndProject
Global
	GlobalSection(SolutionConfigurationPlatforms) = preSolution
		Debug|Any CPU = Debug|Any CPU
		Release|Any CPU = Release|Any CPU
	EndGlobalSection
	GlobalSection(ProjectConfigurationPlatforms) = postSolution
		{82E05E44-B1DB-4298-A27C-C1733AB7ED8A}.Debug|Any CPU.ActiveCfg = Debug|Any CPU
		{82E05E44-B1DB-4298-A27C-C1733AB7ED8A}.Debug|Any CPU.Build.0 = Debug|Any CPU
		{82E05E44-B1DB-4298-A27C-C1733AB7ED8A}.Release|Any CPU.ActiveCfg = Release|Any CPU
		{82E05E44-B1DB-4298-A27C-C1733AB7ED8A}.Release|Any CPU.Build.0 = Release|Any CPU
	EndGlobalSection
	GlobalSection(SolutionProperties) = preSolution
		HideSolutionNode = FALSE
	EndGlobalSection
	GlobalSection(ExtensibilityGlobals) = postSolution
		SolutionGuid = {85712F00-9DA3-42F3-924A-5EC1B087C19E}
	EndGlobalSection
EndGlobal
